{
  "version": 4,
  "terraform_version": "1.6.6",
  "serial": 67,
  "lineage": "02d8df8b-3645-18b0-113c-44afafe852d7",
  "outputs": {
    "bool_output": {
      "value": true,
      "type": "bool"
    },
    "list_output": {
      "value": [
        "item1",
        "item2",
        "item3"
      ],
      "type": [
        "list",
        "string"
      ]
    },
    "map_output": {
      "value": {
        "key3": "Value1",
        "key4": "Value2"
      },
      "type": [
        "map",
        "string"
      ]
    },
    "number_output": {
      "value": 89,
      "type": "number"
    },
    "object_output": {
      "value": {
        "address": "New York",
        "age": 25,
        "name": "John"
      },
      "type": [
        "object",
        {
          "address": "string",
          "age": "number",
          "name": "string"
        }
      ]
    },
    "random_id": {
      "value": "6pl-7Hhwp_o",
      "type": "string"
    },
    "string_output": {
      "value": "Heeelllooooo everyone",
      "type": "string"
    }
  },
  "resources": [
    {
      "mode": "managed",
      "type": "local_file",
      "name": "file1",
      "provider": "provider[\"registry.terraform.io/hashicorp/local\"]",
      "instances": [
        {
          "schema_version": 0,
          "attributes": {
            "content": "Heeelllooooo everyone",
            "content_base64": null,
            "content_base64sha256": "/YmkSza81e2Yju83u4r/+gIZ5NbAE4ncGFNVYYGMnVg=",
            "content_base64sha512": "MCPKK2xm/lBfcoW3DUC8tuKrMUTjMfd2qYfNA1oSwyjTx/EbzHroDfVa7DaV7YqnHGciqdtCf9+6tHpehjCxQQ==",
            "content_md5": "6526a8a824d48e70a08c508c2b3cdf56",
            "content_sha1": "65b4d9e1eb75681732d9adb8a12acc0f76872152",
            "content_sha256": "fd89a44b36bcd5ed988eef37bb8afffa0219e4d6c01389dc18535561818c9d58",
            "content_sha512": "3023ca2b6c66fe505f7285b70d40bcb6e2ab3144e331f776a987cd035a12c328d3c7f11bcc7ae80df55aec3695ed8aa71c6722a9db427fdfbab47a5e8630b141",
            "directory_permission": "0777",
            "file_permission": "0777",
            "filename": "./f1/string",
            "id": "65b4d9e1eb75681732d9adb8a12acc0f76872152",
            "sensitive_content": null,
            "source": null
          },
          "sensitive_attributes": []
        }
      ]
    },
    {
      "mode": "managed",
      "type": "local_file",
      "name": "file2",
      "provider": "provider[\"registry.terraform.io/hashicorp/local\"]",
      "instances": [
        {
          "schema_version": 0,
          "attributes": {
            "content": "89",
            "content_base64": null,
            "content_base64sha256": "zXC+oCP3UqBWSrtu0I1CwUQPLjPimRTlXgvhWV4k9Fo=",
            "content_base64sha512": "o/HRg43749KKO160DDbBdcBR0ur+n2o91xTKDSIXVKkcAWz5PLoRC80JhIKH29fsDe4/Z2xYj4MK8ztF2EVXPA==",
            "content_md5": "7647966b7343c29048673252e490f736",
            "content_sha1": "16b06bd9b738835e2d134fe8d596e9ab0086a985",
            "content_sha256": "cd70bea023f752a0564abb6ed08d42c1440f2e33e29914e55e0be1595e24f45a",
            "content_sha512": "a3f1d1838dfbe3d28a3b5eb40c36c175c051d2eafe9f6a3dd714ca0d221754a91c016cf93cba110bcd09848287dbd7ec0dee3f676c588f830af33b45d845573c",
            "directory_permission": "0777",
            "file_permission": "0777",
            "filename": "./f1/number",
            "id": "16b06bd9b738835e2d134fe8d596e9ab0086a985",
            "sensitive_content": null,
            "source": null
          },
          "sensitive_attributes": []
        }
      ]
    },
    {
      "mode": "managed",
      "type": "local_file",
      "name": "file3",
      "provider": "provider[\"registry.terraform.io/hashicorp/local\"]",
      "instances": [
        {
          "schema_version": 0,
          "attributes": {
            "content": "item1",
            "content_base64": null,
            "content_base64sha256": "DeRc8k8SdjxPTBcxRi7wksPhqDg5Q5Igvsr1lRiywQ0=",
            "content_base64sha512": "AiJ4E8xU/1MG4KlD8sFH98xFSIzV5HeMdbHrH4sdFvdiaL3SzkemHa/QJ9E0ngy5GLUqBxiScvadBxRJ8YOnAA==",
            "content_md5": "cabf67b0be34694cd96a9ec1c0ef766e",
            "content_sha1": "4e702d8dacb758a70499bd7a1cd4259087b743df",
            "content_sha256": "0de45cf24f12763c4f4c1731462ef092c3e1a83839439220becaf59518b2c10d",
            "content_sha512": "02227813cc54ff5306e0a943f2c147f7cc45488cd5e4778c75b1eb1f8b1d16f76268bdd2ce47a61dafd027d1349e0cb918b52a07189272f69d071449f183a700",
            "directory_permission": "0777",
            "file_permission": "0777",
            "filename": "./f2/list",
            "id": "4e702d8dacb758a70499bd7a1cd4259087b743df",
            "sensitive_content": null,
            "source": null
          },
          "sensitive_attributes": []
        }
      ]
    },
    {
      "mode": "managed",
      "type": "local_file",
      "name": "file4",
      "provider": "provider[\"registry.terraform.io/hashicorp/local\"]",
      "instances": [
        {
          "schema_version": 0,
          "attributes": {
            "content": "Value1",
            "content_base64": null,
            "content_base64sha256": "0GoKo76861Zx10qvKm/HQ1it3rLX73A/a5MtmE4a9/4=",
            "content_base64sha512": "lrp5uiVXl03GgiamSksudFEVar0uJxXEihbUvwUNdOvICOqPgI8w6m3lzCC3zSgJikglKdVxPfA+Z2qyG00PAg==",
            "content_md5": "7ee5a281b28d7ca1fab06b43d0b7d8ac",
            "content_sha1": "0c05fb68a2492b104d5136755f516c31cec0e660",
            "content_sha256": "d06a0aa3bebceb5671d74aaf2a6fc74358addeb2d7ef703f6b932d984e1af7fe",
            "content_sha512": "96ba79ba2557974dc68226a64a4b2e7451156abd2e2715c48a16d4bf050d74ebc808ea8f808f30ea6de5cc20b7cd28098a482529d5713df03e676ab21b4d0f02",
            "directory_permission": "0777",
            "file_permission": "0777",
            "filename": "./f2/map",
            "id": "0c05fb68a2492b104d5136755f516c31cec0e660",
            "sensitive_content": null,
            "source": null
          },
          "sensitive_attributes": []
        }
      ]
    },
    {
      "mode": "managed",
      "type": "local_file",
      "name": "file5",
      "provider": "provider[\"registry.terraform.io/hashicorp/local\"]",
      "instances": [
        {
          "schema_version": 0,
          "attributes": {
            "content": "John",
            "content_base64": null,
            "content_base64sha256": "qM/NdIMgBJUbRAjNsKXbzYx+UtQ/f+JEv3IFguBSQdo=",
            "content_base64sha512": "QbbQzV3asVB0+Ivxw1bonD8zB3Gxx6CwNLzar+506yyi7KUC+MCwT+X9Lx7FrgGX4MYIjxzvbAc3i394u2TZ5A==",
            "content_md5": "61409aa1fd47d4a5332de23cbf59a36f",
            "content_sha1": "5753a498f025464d72e088a9d5d6e872592d5f91",
            "content_sha256": "a8cfcd74832004951b4408cdb0a5dbcd8c7e52d43f7fe244bf720582e05241da",
            "content_sha512": "41b6d0cd5ddab15074f88bf1c356e89c3f330771b1c7a0b034bcdaafee74eb2ca2eca502f8c0b04fe5fd2f1ec5ae0197e0c6088f1cef6c07378b7f78bb64d9e4",
            "directory_permission": "0777",
            "file_permission": "0777",
            "filename": "./f3/object",
            "id": "5753a498f025464d72e088a9d5d6e872592d5f91",
            "sensitive_content": null,
            "source": null
          },
          "sensitive_attributes": []
        }
      ]
    },
    {
      "mode": "managed",
      "type": "local_file",
      "name": "file6",
      "provider": "provider[\"registry.terraform.io/hashicorp/local\"]",
      "instances": [
        {
          "schema_version": 0,
          "attributes": {
            "content": "true",
            "content_base64": null,
            "content_base64sha256": "tb6kG2xiP3wJ8b8k3K5Y66s8DN2QrZZrxDpFtEhn4Ss=",
            "content_base64sha512": "kSDNX67wegjpcf8CSj/L6h46a0QUKm2CyijGxC5PhSWVvPU9gdd28QVBBFq9t8N5UGKUFdDcZsjYbGSlYG0y3g==",
            "content_md5": "b326b5062b2f0e69046810717534cb09",
            "content_sha1": "5ffe533b830f08a0326348a9160afafc8ada44db",
            "content_sha256": "b5bea41b6c623f7c09f1bf24dcae58ebab3c0cdd90ad966bc43a45b44867e12b",
            "content_sha512": "9120cd5faef07a08e971ff024a3fcbea1e3a6b44142a6d82ca28c6c42e4f852595bcf53d81d776f10541045abdb7c37950629415d0dc66c8d86c64a5606d32de",
            "directory_permission": "0777",
            "file_permission": "0777",
            "filename": "./f4/bool",
            "id": "5ffe533b830f08a0326348a9160afafc8ada44db",
            "sensitive_content": null,
            "source": null
          },
          "sensitive_attributes": []
        }
      ]
    },
    {
      "mode": "managed",
      "type": "random_id",
      "name": "random",
      "provider": "provider[\"registry.terraform.io/hashicorp/random\"]",
      "instances": [
        {
          "schema_version": 0,
          "attributes": {
            "b64_std": "SZyP3w==",
            "b64_url": "SZyP3w",
            "byte_length": 4,
            "dec": "1234997215",
            "hex": "499c8fdf",
            "id": "SZyP3w",
            "keepers": null,
            "prefix": null
          },
          "sensitive_attributes": []
        }
      ]
    },
    {
      "mode": "managed",
      "type": "random_id",
      "name": "server",
      "provider": "provider[\"registry.terraform.io/hashicorp/random\"]",
      "instances": [
        {
          "schema_version": 0,
          "attributes": {
            "b64_std": "6pl+7Hhwp/o=",
            "b64_url": "6pl-7Hhwp_o",
            "byte_length": 8,
            "dec": "16904682230409897978",
            "hex": "ea997eec7870a7fa",
            "id": "6pl-7Hhwp_o",
            "keepers": {
              "ami_id": "LGEFHLGEWLFG"
            },
            "prefix": null
          },
          "sensitive_attributes": []
        }
      ]
    }
  ],
  "check_results": null
}
